// !$*UTF8*$!
{
	archiveVersion = 1;
	classes = {
	};
	objectVersion = 56;
	objects = {

/* Begin PBXBuildFile section */
		83B1A7EC298F0C4A00CBDD2E /* AppFuckApp.swift in Sources */ = {isa = PBXBuildFile; fileRef = 83B1A7EB298F0C4A00CBDD2E /* AppFuckApp.swift */; };
		83B1A7EE298F0C4A00CBDD2E /* ContentView.swift in Sources */ = {isa = PBXBuildFile; fileRef = 83B1A7ED298F0C4A00CBDD2E /* ContentView.swift */; };
		83B1A7F0298F0C4B00CBDD2E /* Assets.xcassets in Resources */ = {isa = PBXBuildFile; fileRef = 83B1A7EF298F0C4B00CBDD2E /* Assets.xcassets */; };
		83B1A7F3298F0C4B00CBDD2E /* Preview Assets.xcassets in Resources */ = {isa = PBXBuildFile; fileRef = 83B1A7F2298F0C4B00CBDD2E /* Preview Assets.xcassets */; };
		83B1A7FD298F0C4B00CBDD2E /* AppFuckTests.swift in Sources */ = {isa = PBXBuildFile; fileRef = 83B1A7FC298F0C4B00CBDD2E /* AppFuckTests.swift */; };
		83B1A807298F0C4B00CBDD2E /* AppFuckUITests.swift in Sources */ = {isa = PBXBuildFile; fileRef = 83B1A806298F0C4B00CBDD2E /* AppFuckUITests.swift */; };
		83B1A809298F0C4B00CBDD2E /* AppFuckUITestsLaunchTests.swift in Sources */ = {isa = PBXBuildFile; fileRef = 83B1A808298F0C4B00CBDD2E /* AppFuckUITestsLaunchTests.swift */; };
/* End PBXBuildFile section */

/* Begin PBXContainerItemProxy section */
		83B1A7F9298F0C4B00CBDD2E /* PBXContainerItemProxy */ = {
			isa = PBXContainerItemProxy;
			containerPortal = 83B1A7E0298F0C4A00CBDD2E /* Project object */;
			proxyType = 1;
			remoteGlobalIDString = 83B1A7E7298F0C4A00CBDD2E;
			remoteInfo = AppFuck;
		};
		83B1A803298F0C4B00CBDD2E /* PBXContainerItemProxy */ = {
			isa = PBXContainerItemProxy;
			containerPortal = 83B1A7E0298F0C4A00CBDD2E /* Project object */;
			proxyType = 1;
			remoteGlobalIDString = 83B1A7E7298F0C4A00CBDD2E;
			remoteInfo = AppFuck;
		};
/* End PBXContainerItemProxy section */

/* Begin PBXFileReference section */
		83B1A7E8298F0C4A00CBDD2E /* AppFuck.app */ = {isa = PBXFileReference; explicitFileType = wrapper.application; includeInIndex = 0; path = AppFuck.app; sourceTree = BUILT_PRODUCTS_DIR; };
		83B1A7EB298F0C4A00CBDD2E /* AppFuckApp.swift */ = {isa = PBXFileReference; lastKnownFileType = sourcecode.swift; path = AppFuckApp.swift; sourceTree = "<group>"; };
		83B1A7ED298F0C4A00CBDD2E /* ContentView.swift */ = {isa = PBXFileReference; lastKnownFileType = sourcecode.swift; path = ContentView.swift; sourceTree = "<group>"; };
		83B1A7EF298F0C4B00CBDD2E /* Assets.xcassets */ = {isa = PBXFileReference; lastKnownFileType = folder.assetcatalog; path = Assets.xcassets; sourceTree = "<group>"; };
		83B1A7F2298F0C4B00CBDD2E /* Preview Assets.xcassets */ = {isa = PBXFileReference; lastKnownFileType = folder.assetcatalog; path = "Preview Assets.xcassets"; sourceTree = "<group>"; };
		83B1A7F8298F0C4B00CBDD2E /* AppFuckTests.xctest */ = {isa = PBXFileReference; explicitFileType = wrapper.cfbundle; includeInIndex = 0; path = AppFuckTests.xctest; sourceTree = BUILT_PRODUCTS_DIR; };
		83B1A7FC298F0C4B00CBDD2E /* AppFuckTests.swift */ = {isa = PBXFileReference; lastKnownFileType = sourcecode.swift; path = AppFuckTests.swift; sourceTree = "<group>"; };
		83B1A802298F0C4B00CBDD2E /* AppFuckUITests.xctest */ = {isa = PBXFileReference; explicitFileType = wrapper.cfbundle; includeInIndex = 0; path = AppFuckUITests.xctest; sourceTree = BUILT_PRODUCTS_DIR; };
		83B1A806298F0C4B00CBDD2E /* AppFuckUITests.swift */ = {isa = PBXFileReference; lastKnownFileType = sourcecode.swift; path = AppFuckUITests.swift; sourceTree = "<group>"; };
		83B1A808298F0C4B00CBDD2E /* AppFuckUITestsLaunchTests.swift */ = {isa = PBXFileReference; lastKnownFileType = sourcecode.swift; path = AppFuckUITestsLaunchTests.swift; sourceTree = "<group>"; };
/* End PBXFileReference section */

/* Begin PBXFrameworksBuildPhase section */
		83B1A7E5298F0C4A00CBDD2E /* Frameworks */ = {
			isa = PBXFrameworksBuildPhase;
			buildActionMask = 2147483647;
			files = (
			);
			runOnlyForDeploymentPostprocessing = 0;
		};
		83B1A7F5298F0C4B00CBDD2E /* Frameworks */ = {
			isa = PBXFrameworksBuildPhase;
			buildActionMask = 2147483647;
			files = (
			);
			runOnlyForDeploymentPostprocessing = 0;
		};
		83B1A7FF298F0C4B00CBDD2E /* Frameworks */ = {
			isa = PBXFrameworksBuildPhase;
			buildActionMask = 2147483647;
			files = (
			);
			runOnlyForDeploymentPostprocessing = 0;
		};
/* End PBXFrameworksBuildPhase section */

/* Begin PBXGroup section */
		83B1A7DF298F0C4A00CBDD2E = {
			isa = PBXGroup;
			children = (
				83B1A7EA298F0C4A00CBDD2E /* AppFuck */,
				83B1A7FB298F0C4B00CBDD2E /* AppFuckTests */,
				83B1A805298F0C4B00CBDD2E /* AppFuckUITests */,
				83B1A7E9298F0C4A00CBDD2E /* Products */,
			);
			sourceTree = "<group>";
		};
		83B1A7E9298F0C4A00CBDD2E /* Products */ = {
			isa = PBXGroup;
			children = (
				83B1A7E8298F0C4A00CBDD2E /* AppFuck.app */,
				83B1A7F8298F0C4B00CBDD2E /* AppFuckTests.xctest */,
				83B1A802298F0C4B00CBDD2E /* AppFuckUITests.xctest */,
			);
			name = Products;
			sourceTree = "<group>";
		};
		83B1A7EA298F0C4A00CBDD2E /* AppFuck */ = {
			isa = PBXGroup;
			children = (
				83B1A7EB298F0C4A00CBDD2E /* AppFuckApp.swift */,
				83B1A7ED298F0C4A00CBDD2E /* ContentView.swift */,
				83B1A7EF298F0C4B00CBDD2E /* Assets.xcassets */,
				83B1A7F1298F0C4B00CBDD2E /* Preview Content */,
			);
			path = AppFuck;
			sourceTree = "<group>";
		};
		83B1A7F1298F0C4B00CBDD2E /* Preview Content */ = {
			isa = PBXGroup;
			children = (
				83B1A7F2298F0C4B00CBDD2E /* Preview Assets.xcassets */,
			);
			path = "Preview Content";
			sourceTree = "<group>";
		};
		83B1A7FB298F0C4B00CBDD2E /* AppFuckTests */ = {
			isa = PBXGroup;
			children = (
				83B1A7FC298F0C4B00CBDD2E /* AppFuckTests.swift */,
			);
			path = AppFuckTests;
			sourceTree = "<group>";
		};
		83B1A805298F0C4B00CBDD2E /* AppFuckUITests */ = {
			isa = PBXGroup;
			children = (
				83B1A806298F0C4B00CBDD2E /* AppFuckUITests.swift */,
				83B1A808298F0C4B00CBDD2E /* AppFuckUITestsLaunchTests.swift */,
			);
			path = AppFuckUITests;
			sourceTree = "<group>";
		};
/* End PBXGroup section */

/* Begin PBXNativeTarget section */
		83B1A7E7298F0C4A00CBDD2E /* AppFuck */ = {
			isa = PBXNativeTarget;
			buildConfigurationList = 83B1A80C298F0C4B00CBDD2E /* Build configuration list for PBXNativeTarget "AppFuck" */;
			buildPhases = (
				83B1A7E4298F0C4A00CBDD2E /* Sources */,
				83B1A7E5298F0C4A00CBDD2E /* Frameworks */,
				83B1A7E6298F0C4A00CBDD2E /* Resources */,
			);
			buildRules = (
			);
			dependencies = (
			);
			name = AppFuck;
			productName = AppFuck;
			productReference = 83B1A7E8298F0C4A00CBDD2E /* AppFuck.app */;
			productType = "com.apple.product-type.application";
		};
		83B1A7F7298F0C4B00CBDD2E /* AppFuckTests */ = {
			isa = PBXNativeTarget;
			buildConfigurationList = 83B1A80F298F0C4B00CBDD2E /* Build configuration list for PBXNativeTarget "AppFuckTests" */;
			buildPhases = (
				83B1A7F4298F0C4B00CBDD2E /* Sources */,
				83B1A7F5298F0C4B00CBDD2E /* Frameworks */,
				83B1A7F6298F0C4B00CBDD2E /* Resources */,
			);
			buildRules = (
			);
			dependencies = (
				83B1A7FA298F0C4B00CBDD2E /* PBXTargetDependency */,
			);
			name = AppFuckTests;
			productName = AppFuckTests;
			productReference = 83B1A7F8298F0C4B00CBDD2E /* AppFuckTests.xctest */;
			productType = "com.apple.product-type.bundle.unit-test";
		};
		83B1A801298F0C4B00CBDD2E /* AppFuckUITests */ = {
			isa = PBXNativeTarget;
			buildConfigurationList = 83B1A812298F0C4B00CBDD2E /* Build configuration list for PBXNativeTarget "AppFuckUITests" */;
			buildPhases = (
				83B1A7FE298F0C4B00CBDD2E /* Sources */,
				83B1A7FF298F0C4B00CBDD2E /* Frameworks */,
				83B1A800298F0C4B00CBDD2E /* Resources */,
			);
			buildRules = (
			);
			dependencies = (
				83B1A804298F0C4B00CBDD2E /* PBXTargetDependency */,
			);
			name = AppFuckUITests;
			productName = AppFuckUITests;
			productReference = 83B1A802298F0C4B00CBDD2E /* AppFuckUITests.xctest */;
			productType = "com.apple.product-type.bundle.ui-testing";
		};
/* End PBXNativeTarget section */

/* Begin PBXProject section */
		83B1A7E0298F0C4A00CBDD2E /* Project object */ = {
			isa = PBXProject;
			attributes = {
				BuildIndependentTargetsInParallel = 1;
				LastSwiftUpdateCheck = 1420;
				LastUpgradeCheck = 1420;
				TargetAttributes = {
					83B1A7E7298F0C4A00CBDD2E = {
						CreatedOnToolsVersion = 14.2;
					};
					83B1A7F7298F0C4B00CBDD2E = {
						CreatedOnToolsVersion = 14.2;
						TestTargetID = 83B1A7E7298F0C4A00CBDD2E;
					};
					83B1A801298F0C4B00CBDD2E = {
						CreatedOnToolsVersion = 14.2;
						TestTargetID = 83B1A7E7298F0C4A00CBDD2E;
					};
				};
			};
			buildConfigurationList = 83B1A7E3298F0C4A00CBDD2E /* Build configuration list for PBXProject "AppFuck" */;
			compatibilityVersion = "Xcode 14.0";
			developmentRegion = en;
			hasScannedForEncodings = 0;
			knownRegions = (
				en,
				Base,
			);
			mainGroup = 83B1A7DF298F0C4A00CBDD2E;
			productRefGroup = 83B1A7E9298F0C4A00CBDD2E /* Products */;
			projectDirPath = "";
			projectRoot = "";
			targets = (
				83B1A7E7298F0C4A00CBDD2E /* AppFuck */,
				83B1A7F7298F0C4B00CBDD2E /* AppFuckTests */,
				83B1A801298F0C4B00CBDD2E /* AppFuckUITests */,
			);
		};
/* End PBXProject section */

/* Begin PBXResourcesBuildPhase section */
		83B1A7E6298F0C4A00CBDD2E /* Resources */ = {
			isa = PBXResourcesBuildPhase;
			buildActionMask = 2147483647;
			files = (
				83B1A7F3298F0C4B00CBDD2E /* Preview Assets.xcassets in Resources */,
				83B1A7F0298F0C4B00CBDD2E /* Assets.xcassets in Resources */,
			);
			runOnlyForDeploymentPostprocessing = 0;
		};
		83B1A7F6298F0C4B00CBDD2E /* Resources */ = {
			isa = PBXResourcesBuildPhase;
			buildActionMask = 2147483647;
			files = (
			);
			runOnlyForDeploymentPostprocessing = 0;
		};
		83B1A800298F0C4B00CBDD2E /* Resources */ = {
			isa = PBXResourcesBuildPhase;
			buildActionMask = 2147483647;
			files = (
			);
			runOnlyForDeploymentPostprocessing = 0;
		};
/* End PBXResourcesBuildPhase section */

/* Begin PBXSourcesBuildPhase section */
		83B1A7E4298F0C4A00CBDD2E /* Sources */ = {
			isa = PBXSourcesBuildPhase;
			buildActionMask = 2147483647;
			files = (
				83B1A7EE298F0C4A00CBDD2E /* ContentView.swift in Sources */,
				83B1A7EC298F0C4A00CBDD2E /* AppFuckApp.swift in Sources */,
			);
			runOnlyForDeploymentPostprocessing = 0;
		};
		83B1A7F4298F0C4B00CBDD2E /* Sources */ = {
			isa = PBXSourcesBuildPhase;
			buildActionMask = 2147483647;
			files = (
				83B1A7FD298F0C4B00CBDD2E /* AppFuckTests.swift in Sources */,
			);
			runOnlyForDeploymentPostprocessing = 0;
		};
		83B1A7FE298F0C4B00CBDD2E /* Sources */ = {
			isa = PBXSourcesBuildPhase;
			buildActionMask = 2147483647;
			files = (
				83B1A807298F0C4B00CBDD2E /* AppFuckUITests.swift in Sources */,
				83B1A809298F0C4B00CBDD2E /* AppFuckUITestsLaunchTests.swift in Sources */,
			);
			runOnlyForDeploymentPostprocessing = 0;
		};
/* End PBXSourcesBuildPhase section */

/* Begin PBXTargetDependency section */
		83B1A7FA298F0C4B00CBDD2E /* PBXTargetDependency */ = {
			isa = PBXTargetDependency;
			target = 83B1A7E7298F0C4A00CBDD2E /* AppFuck */;
			targetProxy = 83B1A7F9298F0C4B00CBDD2E /* PBXContainerItemProxy */;
		};
		83B1A804298F0C4B00CBDD2E /* PBXTargetDependency */ = {
			isa = PBXTargetDependency;
			target = 83B1A7E7298F0C4A00CBDD2E /* AppFuck */;
			targetProxy = 83B1A803298F0C4B00CBDD2E /* PBXContainerItemProxy */;
		};
/* End PBXTargetDependency section */

/* Begin XCBuildConfiguration section */
		83B1A80A298F0C4B00CBDD2E /* Debug */ = {
			isa = XCBuildConfiguration;
			buildSettings = {
				ALWAYS_SEARCH_USER_PATHS = NO;
				CLANG_ANALYZER_NONNULL = YES;
				CLANG_ANALYZER_NUMBER_OBJECT_CONVERSION = YES_AGGRESSIVE;
				CLANG_CXX_LANGUAGE_STANDARD = "gnu++20";
				CLANG_ENABLE_MODULES = YES;
				CLANG_ENABLE_OBJC_ARC = YES;
				CLANG_ENABLE_OBJC_WEAK = YES;
				CLANG_WARN_BLOCK_CAPTURE_AUTORELEASING = YES;
				CLANG_WARN_BOOL_CONVERSION = YES;
				CLANG_WARN_COMMA = YES;
				CLANG_WARN_CONSTANT_CONVERSION = YES;
				CLANG_WARN_DEPRECATED_OBJC_IMPLEMENTATIONS = YES;
				CLANG_WARN_DIRECT_OBJC_ISA_USAGE = YES_ERROR;
				CLANG_WARN_DOCUMENTATION_COMMENTS = YES;
				CLANG_WARN_EMPTY_BODY = YES;
				CLANG_WARN_ENUM_CONVERSION = YES;
				CLANG_WARN_INFINITE_RECURSION = YES;
				CLANG_WARN_INT_CONVERSION = YES;
				CLANG_WARN_NON_LITERAL_NULL_CONVERSION = YES;
				CLANG_WARN_OBJC_IMPLICIT_RETAIN_SELF = YES;
				CLANG_WARN_OBJC_LITERAL_CONVERSION = YES;
				CLANG_WARN_OBJC_ROOT_CLASS = YES_ERROR;
				CLANG_WARN_QUOTED_INCLUDE_IN_FRAMEWORK_HEADER = YES;
				CLANG_WARN_RANGE_LOOP_ANALYSIS = YES;
				CLANG_WARN_STRICT_PROTOTYPES = YES;
				CLANG_WARN_SUSPICIOUS_MOVE = YES;
				CLANG_WARN_UNGUARDED_AVAILABILITY = YES_AGGRESSIVE;
				CLANG_WARN_UNREACHABLE_CODE = YES;
				CLANG_WARN__DUPLICATE_METHOD_MATCH = YES;
				COPY_PHASE_STRIP = NO;
				DEBUG_INFORMATION_FORMAT = dwarf;
				ENABLE_STRICT_OBJC_MSGSEND = YES;
				ENABLE_TESTABILITY = YES;
				GCC_C_LANGUAGE_STANDARD = gnu11;
				GCC_DYNAMIC_NO_PIC = NO;
				GCC_NO_COMMON_BLOCKS = YES;
				GCC_OPTIMIZATION_LEVEL = 0;
				GCC_PREPROCESSOR_DEFINITIONS = (
					"DEBUG=1",
					"$(inherited)",
				);
				GCC_WARN_64_TO_32_BIT_CONVERSION = YES;
				GCC_WARN_ABOUT_RETURN_TYPE = YES_ERROR;
				GCC_WARN_UNDECLARED_SELECTOR = YES;
				GCC_WARN_UNINITIALIZED_AUTOS = YES_AGGRESSIVE;
				GCC_WARN_UNUSED_FUNCTION = YES;
				GCC_WARN_UNUSED_VARIABLE = YES;
				IPHONEOS_DEPLOYMENT_TARGET = 16.2;
				MTL_ENABLE_DEBUG_INFO = INCLUDE_SOURCE;
				MTL_FAST_MATH = YES;
				ONLY_ACTIVE_ARCH = YES;
				SDKROOT = iphoneos;
				SWIFT_ACTIVE_COMPILATION_CONDITIONS = DEBUG;
				SWIFT_OPTIMIZATION_LEVEL = "-Onone";
			};
			name = Debug;
		};
		83B1A80B298F0C4B00CBDD2E /* Release */ = {
			isa = XCBuildConfiguration;
			buildSettings = {
				ALWAYS_SEARCH_USER_PATHS = NO;
				CLANG_ANALYZER_NONNULL = YES;
				CLANG_ANALYZER_NUMBER_OBJECT_CONVERSION = YES_AGGRESSIVE;
				CLANG_CXX_LANGUAGE_STANDARD = "gnu++20";
				CLANG_ENABLE_MODULES = YES;
				CLANG_ENABLE_OBJC_ARC = YES;
				CLANG_ENABLE_OBJC_WEAK = YES;
				CLANG_WARN_BLOCK_CAPTURE_AUTORELEASING = YES;
				CLANG_WARN_BOOL_CONVERSION = YES;
				CLANG_WARN_COMMA = YES;
				CLANG_WARN_CONSTANT_CONVERSION = YES;
				CLANG_WARN_DEPRECATED_OBJC_IMPLEMENTATIONS = YES;
				CLANG_WARN_DIRECT_OBJC_ISA_USAGE = YES_ERROR;
				CLANG_WARN_DOCUMENTATION_COMMENTS = YES;
				CLANG_WARN_EMPTY_BODY = YES;
				CLANG_WARN_ENUM_CONVERSION = YES;
				CLANG_WARN_INFINITE_RECURSION = YES;
				CLANG_WARN_INT_CONVERSION = YES;
				CLANG_WARN_NON_LITERAL_NULL_CONVERSION = YES;
				CLANG_WARN_OBJC_IMPLICIT_RETAIN_SELF = YES;
				CLANG_WARN_OBJC_LITERAL_CONVERSION = YES;
				CLANG_WARN_OBJC_ROOT_CLASS = YES_ERROR;
				CLANG_WARN_QUOTED_INCLUDE_IN_FRAMEWORK_HEADER = YES;
				CLANG_WARN_RANGE_LOOP_ANALYSIS = YES;
				CLANG_WARN_STRICT_PROTOTYPES = YES;
				CLANG_WARN_SUSPICIOUS_MOVE = YES;
				CLANG_WARN_UNGUARDED_AVAILABILITY = YES_AGGRESSIVE;
				CLANG_WARN_UNREACHABLE_CODE = YES;
				CLANG_WARN__DUPLICATE_METHOD_MATCH = YES;
				COPY_PHASE_STRIP = NO;
				DEBUG_INFORMATION_FORMAT = "dwarf-with-dsym";
				ENABLE_NS_ASSERTIONS = NO;
				ENABLE_STRICT_OBJC_MSGSEND = YES;
				GCC_C_LANGUAGE_STANDARD = gnu11;
				GCC_NO_COMMON_BLOCKS = YES;
				GCC_WARN_64_TO_32_BIT_CONVERSION = YES;
				GCC_WARN_ABOUT_RETURN_TYPE = YES_ERROR;
				GCC_WARN_UNDECLARED_SELECTOR = YES;
				GCC_WARN_UNINITIALIZED_AUTOS = YES_AGGRESSIVE;
				GCC_WARN_UNUSED_FUNCTION = YES;
				GCC_WARN_UNUSED_VARIABLE = YES;
				IPHONEOS_DEPLOYMENT_TARGET = 16.2;
				MTL_ENABLE_DEBUG_INFO = NO;
				MTL_FAST_MATH = YES;
				SDKROOT = iphoneos;
				SWIFT_COMPILATION_MODE = wholemodule;
				SWIFT_OPTIMIZATION_LEVEL = "-O";
				VALIDATE_PRODUCT = YES;
			};
			name = Release;
		};
		83B1A80D298F0C4B00CBDD2E /* Debug */ = {
			isa = XCBuildConfiguration;
			buildSettings = {
				ASSETCATALOG_COMPILER_APPICON_NAME = AppIcon;
				ASSETCATALOG_COMPILER_GLOBAL_ACCENT_COLOR_NAME = AccentColor;
				CODE_SIGN_STYLE = Automatic;
				CURRENT_PROJECT_VERSION = 1;
				DEVELOPMENT_ASSET_PATHS = "\"AppFuck/Preview Content\"";
				ENABLE_PREVIEWS = YES;
				GENERATE_INFOPLIST_FILE = YES;
				INFOPLIST_KEY_UIApplicationSceneManifest_Generation = YES;
				INFOPLIST_KEY_UIApplicationSupportsIndirectInputEvents = YES;
				INFOPLIST_KEY_UILaunchScreen_Generation = YES;
				INFOPLIST_KEY_UISupportedInterfaceOrientations_iPad = "UIInterfaceOrientationPortrait UIInterfaceOrientationPortraitUpsideDown UIInterfaceOrientationLandscapeLeft UIInterfaceOrientationLandscapeRight";
				INFOPLIST_KEY_UISupportedInterfaceOrientations_iPhone = "UIInterfaceOrientationPortrait UIInterfaceOrientationLandscapeLeft UIInterfaceOrientationLandscapeRight";
				LD_RUNPATH_SEARCH_PATHS = (
					"$(inherited)",
					"@executable_path/Frameworks",
				);
				MARKETING_VERSION = 1.0;
				PRODUCT_BUNDLE_IDENTIFIER = caraivan.AppFuck;
				PRODUCT_NAME = "$(TARGET_NAME)";
				SWIFT_EMIT_LOC_STRINGS = YES;
				SWIFT_VERSION = 5.0;
				TARGETED_DEVICE_FAMILY = "1,2";
			};
			name = Debug;
		};
		83B1A80E298F0C4B00CBDD2E /* Release */ = {
			isa = XCBuildConfiguration;
			buildSettings = {
				ASSETCATALOG_COMPILER_APPICON_NAME = AppIcon;
				ASSETCATALOG_COMPILER_GLOBAL_ACCENT_COLOR_NAME = AccentColor;
				CODE_SIGN_STYLE = Automatic;
				CURRENT_PROJECT_VERSION = 1;
				DEVELOPMENT_ASSET_PATHS = "\"AppFuck/Preview Content\"";
				ENABLE_PREVIEWS = YES;
				GENERATE_INFOPLIST_FILE = YES;
				INFOPLIST_KEY_UIApplicationSceneManifest_Generation = YES;
				INFOPLIST_KEY_UIApplicationSupportsIndirectInputEvents = YES;
				INFOPLIST_KEY_UILaunchScreen_Generation = YES;
				INFOPLIST_KEY_UISupportedInterfaceOrientations_iPad = "UIInterfaceOrientationPortrait UIInterfaceOrientationPortraitUpsideDown UIInterfaceOrientationLandscapeLeft UIInterfaceOrientationLandscapeRight";
				INFOPLIST_KEY_UISupportedInterfaceOrientations_iPhone = "UIInterfaceOrientationPortrait UIInterfaceOrientationLandscapeLeft UIInterfaceOrientationLandscapeRight";
				LD_RUNPATH_SEARCH_PATHS = (
					"$(inherited)",
					"@executable_path/Frameworks",
				);
				MARKETING_VERSION = 1.0;
				PRODUCT_BUNDLE_IDENTIFIER = caraivan.AppFuck;
				PRODUCT_NAME = "$(TARGET_NAME)";
				SWIFT_EMIT_LOC_STRINGS = YES;
				SWIFT_VERSION = 5.0;
				TARGETED_DEVICE_FAMILY = "1,2";
			};
			name = Release;
		};
		83B1A810298F0C4B00CBDD2E /* Debug */ = {
			isa = XCBuildConfiguration;
			buildSettings = {
				ALWAYS_EMBED_SWIFT_STANDARD_LIBRARIES = YES;
				BUNDLE_LOADER = "$(TEST_HOST)";
				CODE_SIGN_STYLE = Automatic;
				CURRENT_PROJECT_VERSION = 1;
				GENERATE_INFOPLIST_FILE = YES;
				IPHONEOS_DEPLOYMENT_TARGET = 16.2;
				MARKETING_VERSION = 1.0;
				PRODUCT_BUNDLE_IDENTIFIER = caraivan.AppFuckTests;
				PRODUCT_NAME = "$(TARGET_NAME)";
				SWIFT_EMIT_LOC_STRINGS = NO;
				SWIFT_VERSION = 5.0;
				TARGETED_DEVICE_FAMILY = "1,2";
				TEST_HOST = "$(BUILT_PRODUCTS_DIR)/AppFuck.app/$(BUNDLE_EXECUTABLE_FOLDER_PATH)/AppFuck";
			};
			name = Debug;
		};
		83B1A811298F0C4B00CBDD2E /* Release */ = {
			isa = XCBuildConfiguration;
			buildSettings = {
				ALWAYS_EMBED_SWIFT_STANDARD_LIBRARIES = YES;
				BUNDLE_LOADER = "$(TEST_HOST)";
				CODE_SIGN_STYLE = Automatic;
				CURRENT_PROJECT_VERSION = 1;
				GENERATE_INFOPLIST_FILE = YES;
				IPHONEOS_DEPLOYMENT_TARGET = 16.2;
				MARKETING_VERSION = 1.0;
				PRODUCT_BUNDLE_IDENTIFIER = caraivan.AppFuckTests;
				PRODUCT_NAME = "$(TARGET_NAME)";
				SWIFT_EMIT_LOC_STRINGS = NO;
				SWIFT_VERSION = 5.0;
				TARGETED_DEVICE_FAMILY = "1,2";
				TEST_HOST = "$(BUILT_PRODUCTS_DIR)/AppFuck.app/$(BUNDLE_EXECUTABLE_FOLDER_PATH)/AppFuck";
			};
			name = Release;
		};
		83B1A813298F0C4B00CBDD2E /* Debug */ = {
			isa = XCBuildConfiguration;
			buildSettings = {
				ALWAYS_EMBED_SWIFT_STANDARD_LIBRARIES = YES;
				CODE_SIGN_STYLE = Automatic;
				CURRENT_PROJECT_VERSION = 1;
				GENERATE_INFOPLIST_FILE = YES;
				MARKETING_VERSION = 1.0;
				PRODUCT_BUNDLE_IDENTIFIER = caraivan.AppFuckUITests;
				PRODUCT_NAME = "$(TARGET_NAME)";
				SWIFT_EMIT_LOC_STRINGS = NO;
				SWIFT_VERSION = 5.0;
				TARGETED_DEVICE_FAMILY = "1,2";
				TEST_TARGET_NAME = AppFuck;
			};
			name = Debug;
		};
		83B1A814298F0C4B00CBDD2E /* Release */ = {
			isa = XCBuildConfiguration;
			buildSettings = {
				ALWAYS_EMBED_SWIFT_STANDARD_LIBRARIES = YES;
				CODE_SIGN_STYLE = Automatic;
				CURRENT_PROJECT_VERSION = 1;
				GENERATE_INFOPLIST_FILE = YES;
				MARKETING_VERSION = 1.0;
				PRODUCT_BUNDLE_IDENTIFIER = caraivan.AppFuckUITests;
				PRODUCT_NAME = "$(TARGET_NAME)";
				SWIFT_EMIT_LOC_STRINGS = NO;
				SWIFT_VERSION = 5.0;
				TARGETED_DEVICE_FAMILY = "1,2";
				TEST_TARGET_NAME = AppFuck;
			};
			name = Release;
		};
/* End XCBuildConfiguration section */

/* Begin XCConfigurationList section */
		83B1A7E3298F0C4A00CBDD2E /* Build configuration list for PBXProject "AppFuck" */ = {
			isa = XCConfigurationList;
			buildConfigurations = (
				83B1A80A298F0C4B00CBDD2E /* Debug */,
				83B1A80B298F0C4B00CBDD2E /* Release */,
			);
			defaultConfigurationIsVisible = 0;
			defaultConfigurationName = Release;
		};
		83B1A80C298F0C4B00CBDD2E /* Build configuration list for PBXNativeTarget "AppFuck" */ = {
			isa = XCConfigurationList;
			buildConfigurations = (
				83B1A80D298F0C4B00CBDD2E /* Debug */,
				83B1A80E298F0C4B00CBDD2E /* Release */,
			);
			defaultConfigurationIsVisible = 0;
			defaultConfigurationName = Release;
		};
		83B1A80F298F0C4B00CBDD2E /* Build configuration list for PBXNativeTarget "AppFuckTests" */ = {
			isa = XCConfigurationList;
			buildConfigurations = (
				83B1A810298F0C4B00CBDD2E /* Debug */,
				83B1A811298F0C4B00CBDD2E /* Release */,
			);
			defaultConfigurationIsVisible = 0;
			defaultConfigurationName = Release;
		};
		83B1A812298F0C4B00CBDD2E /* Build configuration list for PBXNativeTarget "AppFuckUITests" */ = {
			isa = XCConfigurationList;
			buildConfigurations = (
				83B1A813298F0C4B00CBDD2E /* Debug */,
				83B1A814298F0C4B00CBDD2E /* Release */,
			);
			defaultConfigurationIsVisible = 0;
			defaultConfigurationName = Release;
		};
/* End XCConfigurationList section */
	};
	rootObject = 83B1A7E0298F0C4A00CBDD2E /* Project object */;
}
